
Microsoft Visual Studio Solution File, Format Version 12.00
# Visual Studio Version 17
VisualStudioVersion = 17.2.32602.215
MinimumVisualStudioVersion = 10.0.40219.1
Project("{FAE04EC0-301F-11D3-BF4B-00C04F79EFBC}") = "abraman_all", "abraman\abraman_all.csproj", "{69806AC4-70A4-42D0-B94A-F0A0B01DC542}"
EndProject
Project("{FAE04EC0-301F-11D3-BF4B-00C04F79EFBC}") = "timer", "timer\timer.csproj", "{D58D33DA-6D95-4F5F-9428-002B994F4D7D}"
EndProject
Project("{9A19103F-16F7-4668-BE54-9A1E7A4F7556}") = "students", "students\students.csproj", "{606DA385-1363-47F5-B9EE-B20DFD6BF355}"
EndProject
Project("{FAE04EC0-301F-11D3-BF4B-00C04F79EFBC}") = "dostavka", "dostavka\dostavka.csproj", "{ECBFDC22-7A23-4A88-9FFC-D86AD94FCC31}"
EndProject
Global
	GlobalSection(SolutionConfigurationPlatforms) = preSolution
		Debug|Any CPU = Debug|Any CPU
		Release|Any CPU = Release|Any CPU
	EndGlobalSection
	GlobalSection(ProjectConfigurationPlatforms) = postSolution
		{69806AC4-70A4-42D0-B94A-F0A0B01DC542}.Debug|Any CPU.ActiveCfg = Debug|Any CPU
		{69806AC4-70A4-42D0-B94A-F0A0B01DC542}.Debug|Any CPU.Build.0 = Debug|Any CPU
		{69806AC4-70A4-42D0-B94A-F0A0B01DC542}.Release|Any CPU.ActiveCfg = Release|Any CPU
		{69806AC4-70A4-42D0-B94A-F0A0B01DC542}.Release|Any CPU.Build.0 = Release|Any CPU
		{D58D33DA-6D95-4F5F-9428-002B994F4D7D}.Debug|Any CPU.ActiveCfg = Debug|Any CPU
		{D58D33DA-6D95-4F5F-9428-002B994F4D7D}.Debug|Any CPU.Build.0 = Debug|Any CPU
		{D58D33DA-6D95-4F5F-9428-002B994F4D7D}.Release|Any CPU.ActiveCfg = Release|Any CPU
		{D58D33DA-6D95-4F5F-9428-002B994F4D7D}.Release|Any CPU.Build.0 = Release|Any CPU
		{606DA385-1363-47F5-B9EE-B20DFD6BF355}.Debug|Any CPU.ActiveCfg = Debug|Any CPU
		{606DA385-1363-47F5-B9EE-B20DFD6BF355}.Debug|Any CPU.Build.0 = Debug|Any CPU
		{606DA385-1363-47F5-B9EE-B20DFD6BF355}.Release|Any CPU.ActiveCfg = Release|Any CPU
		{606DA385-1363-47F5-B9EE-B20DFD6BF355}.Release|Any CPU.Build.0 = Release|Any CPU
		{ECBFDC22-7A23-4A88-9FFC-D86AD94FCC31}.Debug|Any CPU.ActiveCfg = Debug|Any CPU
		{ECBFDC22-7A23-4A88-9FFC-D86AD94FCC31}.Debug|Any CPU.Build.0 = Debug|Any CPU
		{ECBFDC22-7A23-4A88-9FFC-D86AD94FCC31}.Release|Any CPU.ActiveCfg = Release|Any CPU
		{ECBFDC22-7A23-4A88-9FFC-D86AD94FCC31}.Release|Any CPU.Build.0 = Release|Any CPU
	EndGlobalSection
	GlobalSection(SolutionProperties) = preSolution
		HideSolutionNode = FALSE
	EndGlobalSection
	GlobalSection(ExtensibilityGlobals) = postSolution
		SolutionGuid = {4B3B440D-28C3-405D-9D81-6845B6A0DF74}
	EndGlobalSection
EndGlobal
